
Microsoft Visual Studio Solution File, Format Version 12.00
# Visual Studio Version 16
VisualStudioVersion = 16.0.29728.190
MinimumVisualStudioVersion = 10.0.40219.1
Project("{9A19103F-16F7-4668-BE54-9A1E7A4F7556}") = "Microservice.Produtos.WebApi", "Microservice.Produtos.WebApi\Microservice.Produtos.WebApi.csproj", "{DFF63710-EC93-4FC5-910F-B24B9CF339ED}"
EndProject
Project("{9A19103F-16F7-4668-BE54-9A1E7A4F7556}") = "Microservice.Produtos.Entities", "Microservice.Produtos.Entities\Microservice.Produtos.Entities.csproj", "{9B444BAF-8EF2-4DB5-99CF-833D7076200A}"
EndProject
Project("{9A19103F-16F7-4668-BE54-9A1E7A4F7556}") = "Microservice.Produtos.Repositories", "Microservice.Produtos.Repositories\Microservice.Produtos.Repositories.csproj", "{68FDB3B0-99D4-4A88-8EF8-3E4CCF6F1CE2}"
EndProject
Project("{9A19103F-16F7-4668-BE54-9A1E7A4F7556}") = "Microservice.Produtos.Services", "Microservice.Produtos.Services\Microservice.Produtos.Services.csproj", "{755305C5-269E-441B-A851-C1A47D9B5927}"
EndProject
Project("{E53339B2-1760-4266-BCC7-CA923CBCF16C}") = "docker-compose", "docker-compose.dcproj", "{C36F64A7-728E-4969-82FB-0E978BFAF973}"
EndProject
Project("{FAE04EC0-301F-11D3-BF4B-00C04F79EFBC}") = "Microservice.Produtos.Entities.Tests", "Microservice.Produtos.Entities.Tests\Microservice.Produtos.Entities.Tests.csproj", "{B43048E4-C07F-4F26-8132-D05FB8D21F96}"
EndProject
Global
	GlobalSection(SolutionConfigurationPlatforms) = preSolution
		Debug|Any CPU = Debug|Any CPU
		Release|Any CPU = Release|Any CPU
	EndGlobalSection
	GlobalSection(ProjectConfigurationPlatforms) = postSolution
		{DFF63710-EC93-4FC5-910F-B24B9CF339ED}.Debug|Any CPU.ActiveCfg = Debug|Any CPU
		{DFF63710-EC93-4FC5-910F-B24B9CF339ED}.Debug|Any CPU.Build.0 = Debug|Any CPU
		{DFF63710-EC93-4FC5-910F-B24B9CF339ED}.Release|Any CPU.ActiveCfg = Release|Any CPU
		{DFF63710-EC93-4FC5-910F-B24B9CF339ED}.Release|Any CPU.Build.0 = Release|Any CPU
		{9B444BAF-8EF2-4DB5-99CF-833D7076200A}.Debug|Any CPU.ActiveCfg = Debug|Any CPU
		{9B444BAF-8EF2-4DB5-99CF-833D7076200A}.Debug|Any CPU.Build.0 = Debug|Any CPU
		{9B444BAF-8EF2-4DB5-99CF-833D7076200A}.Release|Any CPU.ActiveCfg = Release|Any CPU
		{9B444BAF-8EF2-4DB5-99CF-833D7076200A}.Release|Any CPU.Build.0 = Release|Any CPU
		{68FDB3B0-99D4-4A88-8EF8-3E4CCF6F1CE2}.Debug|Any CPU.ActiveCfg = Debug|Any CPU
		{68FDB3B0-99D4-4A88-8EF8-3E4CCF6F1CE2}.Debug|Any CPU.Build.0 = Debug|Any CPU
		{68FDB3B0-99D4-4A88-8EF8-3E4CCF6F1CE2}.Release|Any CPU.ActiveCfg = Release|Any CPU
		{68FDB3B0-99D4-4A88-8EF8-3E4CCF6F1CE2}.Release|Any CPU.Build.0 = Release|Any CPU
		{755305C5-269E-441B-A851-C1A47D9B5927}.Debug|Any CPU.ActiveCfg = Debug|Any CPU
		{755305C5-269E-441B-A851-C1A47D9B5927}.Debug|Any CPU.Build.0 = Debug|Any CPU
		{755305C5-269E-441B-A851-C1A47D9B5927}.Release|Any CPU.ActiveCfg = Release|Any CPU
		{755305C5-269E-441B-A851-C1A47D9B5927}.Release|Any CPU.Build.0 = Release|Any CPU
		{C36F64A7-728E-4969-82FB-0E978BFAF973}.Debug|Any CPU.ActiveCfg = Debug|Any CPU
		{C36F64A7-728E-4969-82FB-0E978BFAF973}.Debug|Any CPU.Build.0 = Debug|Any CPU
		{C36F64A7-728E-4969-82FB-0E978BFAF973}.Release|Any CPU.ActiveCfg = Release|Any CPU
		{C36F64A7-728E-4969-82FB-0E978BFAF973}.Release|Any CPU.Build.0 = Release|Any CPU
		{B43048E4-C07F-4F26-8132-D05FB8D21F96}.Debug|Any CPU.ActiveCfg = Debug|Any CPU
		{B43048E4-C07F-4F26-8132-D05FB8D21F96}.Debug|Any CPU.Build.0 = Debug|Any CPU
		{B43048E4-C07F-4F26-8132-D05FB8D21F96}.Release|Any CPU.ActiveCfg = Release|Any CPU
		{B43048E4-C07F-4F26-8132-D05FB8D21F96}.Release|Any CPU.Build.0 = Release|Any CPU
	EndGlobalSection
	GlobalSection(SolutionProperties) = preSolution
		HideSolutionNode = FALSE
	EndGlobalSection
	GlobalSection(ExtensibilityGlobals) = postSolution
		SolutionGuid = {036B6757-1851-42DD-BD88-4B3FEE196115}
	EndGlobalSection
EndGlobal
